
Microsoft Visual Studio Solution File, Format Version 11.00
# Visual Studio 2010
Project("{FAE04EC0-301F-11D3-BF4B-00C04F79EFBC}") = "DarkHavoc", "Mac OS X\DarkHavoc\DarkHavoc.csproj", "{F0E801FF-F672-4F61-8CB8-39A0E6FDDFF6}"
EndProject
Project("{FAE04EC0-301F-11D3-BF4B-00C04F79EFBC}") = "DarkHavoc.Engine", "Mac OS X\DarkHavoc.Engine\DarkHavoc.Engine.csproj", "{36D104FA-7253-4A1E-8E9D-20F591152516}"
EndProject
Project("{FAE04EC0-301F-11D3-BF4B-00C04F79EFBC}") = "MonoGame.Framework.MacOS", "..\Dependencies\MonoGame\MonoGame.Framework\MonoGame.Framework.MacOS.csproj", "{36C538E6-C32A-4A8D-A39C-566173D7118E}"
EndProject
Project("{FAE04EC0-301F-11D3-BF4B-00C04F79EFBC}") = "Lidgren.Network.MacOS", "..\Dependencies\MonoGame\ThirdParty\Lidgren.Network\Lidgren.Network.MacOS.csproj", "{AE483C29-042E-4226-BA52-D247CE7676DA}"
EndProject
Project("{FAE04EC0-301F-11D3-BF4B-00C04F79EFBC}") = "AssetLoader", "Mac OS X\AssetLoader\AssetLoader.csproj", "{E09AFBB6-065A-4C7A-814C-F45271928E6E}"
EndProject
Project("{FAE04EC0-301F-11D3-BF4B-00C04F79EFBC}") = "DarkHavoc.Engine.Pipeline", "Mac OS X\DarkHavoc.Engine.Pipeline\DarkHavoc.Engine.Pipeline.csproj", "{125992F9-C868-4112-A937-B967FF8C5D63}"
EndProject
Global
	GlobalSection(SolutionConfigurationPlatforms) = preSolution
		Debug|x86 = Debug|x86
		Release|x86 = Release|x86
		AppStore|Any CPU = AppStore|Any CPU
		Distribution|Any CPU = Distribution|Any CPU
	EndGlobalSection
	GlobalSection(ProjectConfigurationPlatforms) = postSolution
		{125992F9-C868-4112-A937-B967FF8C5D63}.AppStore|Any CPU.ActiveCfg = Release|Any CPU
		{125992F9-C868-4112-A937-B967FF8C5D63}.AppStore|Any CPU.Build.0 = Release|Any CPU
		{125992F9-C868-4112-A937-B967FF8C5D63}.Debug|x86.ActiveCfg = Debug|Any CPU
		{125992F9-C868-4112-A937-B967FF8C5D63}.Debug|x86.Build.0 = Debug|Any CPU
		{125992F9-C868-4112-A937-B967FF8C5D63}.Distribution|Any CPU.ActiveCfg = Debug|Any CPU
		{125992F9-C868-4112-A937-B967FF8C5D63}.Distribution|Any CPU.Build.0 = Debug|Any CPU
		{125992F9-C868-4112-A937-B967FF8C5D63}.Release|x86.ActiveCfg = Release|Any CPU
		{125992F9-C868-4112-A937-B967FF8C5D63}.Release|x86.Build.0 = Release|Any CPU
		{36C538E6-C32A-4A8D-A39C-566173D7118E}.AppStore|Any CPU.ActiveCfg = Release|Any CPU
		{36C538E6-C32A-4A8D-A39C-566173D7118E}.AppStore|Any CPU.Build.0 = Release|Any CPU
		{36C538E6-C32A-4A8D-A39C-566173D7118E}.Debug|x86.ActiveCfg = Debug|Any CPU
		{36C538E6-C32A-4A8D-A39C-566173D7118E}.Debug|x86.Build.0 = Debug|Any CPU
		{36C538E6-C32A-4A8D-A39C-566173D7118E}.Distribution|Any CPU.ActiveCfg = Distribution|Any CPU
		{36C538E6-C32A-4A8D-A39C-566173D7118E}.Distribution|Any CPU.Build.0 = Distribution|Any CPU
		{36C538E6-C32A-4A8D-A39C-566173D7118E}.Release|x86.ActiveCfg = Release|Any CPU
		{36C538E6-C32A-4A8D-A39C-566173D7118E}.Release|x86.Build.0 = Release|Any CPU
		{36D104FA-7253-4A1E-8E9D-20F591152516}.AppStore|Any CPU.ActiveCfg = Release|Any CPU
		{36D104FA-7253-4A1E-8E9D-20F591152516}.AppStore|Any CPU.Build.0 = Release|Any CPU
		{36D104FA-7253-4A1E-8E9D-20F591152516}.Debug|x86.ActiveCfg = Debug|Any CPU
		{36D104FA-7253-4A1E-8E9D-20F591152516}.Debug|x86.Build.0 = Debug|Any CPU
		{36D104FA-7253-4A1E-8E9D-20F591152516}.Distribution|Any CPU.ActiveCfg = Debug|Any CPU
		{36D104FA-7253-4A1E-8E9D-20F591152516}.Distribution|Any CPU.Build.0 = Debug|Any CPU
		{36D104FA-7253-4A1E-8E9D-20F591152516}.Release|x86.ActiveCfg = Release|Any CPU
		{36D104FA-7253-4A1E-8E9D-20F591152516}.Release|x86.Build.0 = Release|Any CPU
		{AE483C29-042E-4226-BA52-D247CE7676DA}.AppStore|Any CPU.ActiveCfg = Release|Any CPU
		{AE483C29-042E-4226-BA52-D247CE7676DA}.AppStore|Any CPU.Build.0 = Release|Any CPU
		{AE483C29-042E-4226-BA52-D247CE7676DA}.Debug|x86.ActiveCfg = Debug|Any CPU
		{AE483C29-042E-4226-BA52-D247CE7676DA}.Debug|x86.Build.0 = Debug|Any CPU
		{AE483C29-042E-4226-BA52-D247CE7676DA}.Distribution|Any CPU.ActiveCfg = Debug|Any CPU
		{AE483C29-042E-4226-BA52-D247CE7676DA}.Distribution|Any CPU.Build.0 = Debug|Any CPU
		{AE483C29-042E-4226-BA52-D247CE7676DA}.Release|x86.ActiveCfg = Release|Any CPU
		{AE483C29-042E-4226-BA52-D247CE7676DA}.Release|x86.Build.0 = Release|Any CPU
		{E09AFBB6-065A-4C7A-814C-F45271928E6E}.AppStore|Any CPU.ActiveCfg = Release|Any CPU
		{E09AFBB6-065A-4C7A-814C-F45271928E6E}.AppStore|Any CPU.Build.0 = Release|Any CPU
		{E09AFBB6-065A-4C7A-814C-F45271928E6E}.Debug|x86.ActiveCfg = Debug|Any CPU
		{E09AFBB6-065A-4C7A-814C-F45271928E6E}.Debug|x86.Build.0 = Debug|Any CPU
		{E09AFBB6-065A-4C7A-814C-F45271928E6E}.Distribution|Any CPU.ActiveCfg = Debug|Any CPU
		{E09AFBB6-065A-4C7A-814C-F45271928E6E}.Distribution|Any CPU.Build.0 = Debug|Any CPU
		{E09AFBB6-065A-4C7A-814C-F45271928E6E}.Release|x86.ActiveCfg = Release|Any CPU
		{E09AFBB6-065A-4C7A-814C-F45271928E6E}.Release|x86.Build.0 = Release|Any CPU
		{F0E801FF-F672-4F61-8CB8-39A0E6FDDFF6}.AppStore|Any CPU.ActiveCfg = AppStore|Any CPU
		{F0E801FF-F672-4F61-8CB8-39A0E6FDDFF6}.AppStore|Any CPU.Build.0 = AppStore|Any CPU
		{F0E801FF-F672-4F61-8CB8-39A0E6FDDFF6}.Debug|x86.ActiveCfg = Debug|Any CPU
		{F0E801FF-F672-4F61-8CB8-39A0E6FDDFF6}.Debug|x86.Build.0 = Debug|Any CPU
		{F0E801FF-F672-4F61-8CB8-39A0E6FDDFF6}.Distribution|Any CPU.ActiveCfg = Debug|Any CPU
		{F0E801FF-F672-4F61-8CB8-39A0E6FDDFF6}.Distribution|Any CPU.Build.0 = Debug|Any CPU
		{F0E801FF-F672-4F61-8CB8-39A0E6FDDFF6}.Release|x86.ActiveCfg = Release|Any CPU
		{F0E801FF-F672-4F61-8CB8-39A0E6FDDFF6}.Release|x86.Build.0 = Release|Any CPU
	EndGlobalSection
	GlobalSection(MonoDevelopProperties) = preSolution
		StartupItem = Mac OS X\DarkHavoc\DarkHavoc.csproj
	EndGlobalSection
EndGlobal
